
Microsoft Visual Studio Solution File, Format Version 12.00
# Visual Studio 16
Project("{FAE04EC0-301F-11D3-BF4B-00C04F79EFBC}") = "Assembly-CSharp-firstpass", "Assembly-CSharp-firstpass.csproj", "{776BDFB6-D109-3211-504B-B6CE924D71F2}"
EndProject
Project("{FAE04EC0-301F-11D3-BF4B-00C04F79EFBC}") = "Assembly-CSharp", "Assembly-CSharp.csproj", "{2015C593-9654-F0CB-6D86-69D5FA37A4D3}"
EndProject
Project("{FAE04EC0-301F-11D3-BF4B-00C04F79EFBC}") = "Assembly-CSharp-Editor-firstpass", "Assembly-CSharp-Editor-firstpass.csproj", "{A4756970-ADE6-40AA-BC80-5325BBF5BA05}"
EndProject
Global
	GlobalSection(SolutionConfigurationPlatforms) = preSolution
		Debug|Any CPU = Debug|Any CPU
		Release|Any CPU = Release|Any CPU
	EndGlobalSection
	GlobalSection(ProjectConfigurationPlatforms) = postSolution
		{776BDFB6-D109-3211-504B-B6CE924D71F2}.Debug|Any CPU.ActiveCfg = Debug|Any CPU
		{776BDFB6-D109-3211-504B-B6CE924D71F2}.Debug|Any CPU.Build.0 = Debug|Any CPU
		{776BDFB6-D109-3211-504B-B6CE924D71F2}.Release|Any CPU.ActiveCfg = Release|Any CPU
		{776BDFB6-D109-3211-504B-B6CE924D71F2}.Release|Any CPU.Build.0 = Release|Any CPU
		{2015C593-9654-F0CB-6D86-69D5FA37A4D3}.Debug|Any CPU.ActiveCfg = Debug|Any CPU
		{2015C593-9654-F0CB-6D86-69D5FA37A4D3}.Debug|Any CPU.Build.0 = Debug|Any CPU
		{2015C593-9654-F0CB-6D86-69D5FA37A4D3}.Release|Any CPU.ActiveCfg = Release|Any CPU
		{2015C593-9654-F0CB-6D86-69D5FA37A4D3}.Release|Any CPU.Build.0 = Release|Any CPU
		{A4756970-ADE6-40AA-BC80-5325BBF5BA05}.Debug|Any CPU.ActiveCfg = Debug|Any CPU
		{A4756970-ADE6-40AA-BC80-5325BBF5BA05}.Debug|Any CPU.Build.0 = Debug|Any CPU
		{A4756970-ADE6-40AA-BC80-5325BBF5BA05}.Release|Any CPU.ActiveCfg = Release|Any CPU
		{A4756970-ADE6-40AA-BC80-5325BBF5BA05}.Release|Any CPU.Build.0 = Release|Any CPU
	EndGlobalSection
	GlobalSection(SolutionProperties) = preSolution
		HideSolutionNode = FALSE
	EndGlobalSection
	GlobalSection(MonoDevelopProperties) = preSolution
		StartupItem = Assembly-CSharp.csproj
	EndGlobalSection
EndGlobal
